
Microsoft Visual Studio Solution File, Format Version 12.00
# Visual Studio Version 16
VisualStudioVersion = 16.0.29411.108
MinimumVisualStudioVersion = 10.0.40219.1
Project("{FAE04EC0-301F-11D3-BF4B-00C04F79EFBC}") = "AdventureGameMAP", "AdventureGameMAP\AdventureGameMAP.csproj", "{CDA62215-1693-4A73-90E9-3AC726722E0C}"
EndProject
Project("{FAE04EC0-301F-11D3-BF4B-00C04F79EFBC}") = "Tests", "Tests\Tests.csproj", "{A3E65411-042F-4D4F-9907-DA1898329B5B}"
EndProject
Global
	GlobalSection(SolutionConfigurationPlatforms) = preSolution
		Debug|Any CPU = Debug|Any CPU
		Release|Any CPU = Release|Any CPU
	EndGlobalSection
	GlobalSection(ProjectConfigurationPlatforms) = postSolution
		{CDA62215-1693-4A73-90E9-3AC726722E0C}.Debug|Any CPU.ActiveCfg = Debug|Any CPU
		{CDA62215-1693-4A73-90E9-3AC726722E0C}.Debug|Any CPU.Build.0 = Debug|Any CPU
		{CDA62215-1693-4A73-90E9-3AC726722E0C}.Release|Any CPU.ActiveCfg = Release|Any CPU
		{CDA62215-1693-4A73-90E9-3AC726722E0C}.Release|Any CPU.Build.0 = Release|Any CPU
		{A3E65411-042F-4D4F-9907-DA1898329B5B}.Debug|Any CPU.ActiveCfg = Debug|Any CPU
		{A3E65411-042F-4D4F-9907-DA1898329B5B}.Debug|Any CPU.Build.0 = Debug|Any CPU
		{A3E65411-042F-4D4F-9907-DA1898329B5B}.Release|Any CPU.ActiveCfg = Release|Any CPU
		{A3E65411-042F-4D4F-9907-DA1898329B5B}.Release|Any CPU.Build.0 = Release|Any CPU
	EndGlobalSection
	GlobalSection(SolutionProperties) = preSolution
		HideSolutionNode = FALSE
	EndGlobalSection
	GlobalSection(ExtensibilityGlobals) = postSolution
		SolutionGuid = {1074AA66-6647-4535-BF21-39C1F4B18ADE}
	EndGlobalSection
EndGlobal
